
Microsoft Visual Studio Solution File, Format Version 12.00
# Visual Studio 15
VisualStudioVersion = 15.0.27004.2008
MinimumVisualStudioVersion = 10.0.40219.1
Project("{FAE04EC0-301F-11D3-BF4B-00C04F79EFBC}") = "Mastermind", "Mastermind\Mastermind.csproj", "{7F0F7EA8-11E9-4172-9961-AEB6584E7896}"
EndProject
Project("{FAE04EC0-301F-11D3-BF4B-00C04F79EFBC}") = "Mastermind.Tests", "Mastermind.Tests\Mastermind.Tests.csproj", "{438EF979-1245-4443-95FF-8844D8944BB9}"
EndProject
Project("{FAE04EC0-301F-11D3-BF4B-00C04F79EFBC}") = "Mastermind.App", "Mastermind.App\Mastermind.App.csproj", "{303CF4DF-7701-4A29-9E76-B57F9FD370C8}"
EndProject
Global
	GlobalSection(SolutionConfigurationPlatforms) = preSolution
		Debug|Any CPU = Debug|Any CPU
		Release|Any CPU = Release|Any CPU
	EndGlobalSection
	GlobalSection(ProjectConfigurationPlatforms) = postSolution
		{7F0F7EA8-11E9-4172-9961-AEB6584E7896}.Debug|Any CPU.ActiveCfg = Debug|Any CPU
		{7F0F7EA8-11E9-4172-9961-AEB6584E7896}.Debug|Any CPU.Build.0 = Debug|Any CPU
		{7F0F7EA8-11E9-4172-9961-AEB6584E7896}.Release|Any CPU.ActiveCfg = Release|Any CPU
		{7F0F7EA8-11E9-4172-9961-AEB6584E7896}.Release|Any CPU.Build.0 = Release|Any CPU
		{438EF979-1245-4443-95FF-8844D8944BB9}.Debug|Any CPU.ActiveCfg = Debug|Any CPU
		{438EF979-1245-4443-95FF-8844D8944BB9}.Debug|Any CPU.Build.0 = Debug|Any CPU
		{438EF979-1245-4443-95FF-8844D8944BB9}.Release|Any CPU.ActiveCfg = Release|Any CPU
		{438EF979-1245-4443-95FF-8844D8944BB9}.Release|Any CPU.Build.0 = Release|Any CPU
		{303CF4DF-7701-4A29-9E76-B57F9FD370C8}.Debug|Any CPU.ActiveCfg = Debug|Any CPU
		{303CF4DF-7701-4A29-9E76-B57F9FD370C8}.Debug|Any CPU.Build.0 = Debug|Any CPU
		{303CF4DF-7701-4A29-9E76-B57F9FD370C8}.Release|Any CPU.ActiveCfg = Release|Any CPU
		{303CF4DF-7701-4A29-9E76-B57F9FD370C8}.Release|Any CPU.Build.0 = Release|Any CPU
	EndGlobalSection
	GlobalSection(SolutionProperties) = preSolution
		HideSolutionNode = FALSE
	EndGlobalSection
	GlobalSection(ExtensibilityGlobals) = postSolution
		SolutionGuid = {CEE165CF-3680-4F02-8BB1-7F63D806AE76}
	EndGlobalSection
EndGlobal
